
Microsoft Visual Studio Solution File, Format Version 12.00
Project("{2150E333-8FDC-42A3-9474-1A3956D46DE8}") = "src", "src", "{52278D6D-ACEF-46BC-9F42-565164203B22}"
EndProject
Project("{FAE04EC0-301F-11D3-BF4B-00C04F79EFBC}") = "KindPaws.SharedKernel", "src\KindPaws.SharedKernel\KindPaws.SharedKernel.csproj", "{EB35D50E-5D80-49F6-BB96-7722D9454089}"
EndProject
Global
	GlobalSection(SolutionConfigurationPlatforms) = preSolution
		Debug|Any CPU = Debug|Any CPU
		Release|Any CPU = Release|Any CPU
	EndGlobalSection
	GlobalSection(ProjectConfigurationPlatforms) = postSolution
		{EB35D50E-5D80-49F6-BB96-7722D9454089}.Debug|Any CPU.ActiveCfg = Debug|Any CPU
		{EB35D50E-5D80-49F6-BB96-7722D9454089}.Debug|Any CPU.Build.0 = Debug|Any CPU
		{EB35D50E-5D80-49F6-BB96-7722D9454089}.Release|Any CPU.ActiveCfg = Release|Any CPU
		{EB35D50E-5D80-49F6-BB96-7722D9454089}.Release|Any CPU.Build.0 = Release|Any CPU
	EndGlobalSection
	GlobalSection(NestedProjects) = preSolution
		{EB35D50E-5D80-49F6-BB96-7722D9454089} = {52278D6D-ACEF-46BC-9F42-565164203B22}
	EndGlobalSection
EndGlobal
