
Microsoft Visual Studio Solution File, Format Version 12.00
Project("{2150E333-8FDC-42A3-9474-1A3956D46DE8}") = "src", "src", "{A51B0989-9FFC-434F-880B-C723068801F4}"
EndProject
Project("{FAE04EC0-301F-11D3-BF4B-00C04F79EFBC}") = "KindPaws.Accounts.Presentation", "src\KindPaws.Accounts.Presentation\KindPaws.Accounts.Presentation.csproj", "{22191224-EE1F-428A-AA40-69E201DC6666}"
EndProject
Project("{FAE04EC0-301F-11D3-BF4B-00C04F79EFBC}") = "KindPaws.Accounts.Application", "src\KindPaws.Accounts.Application\KindPaws.Accounts.Application.csproj", "{771D84B3-7D4C-4F5B-BC98-96F57C621760}"
EndProject
Project("{FAE04EC0-301F-11D3-BF4B-00C04F79EFBC}") = "KindPaws.Accounts.Infrastructure", "src\KindPaws.Accounts.Infrastructure\KindPaws.Accounts.Infrastructure.csproj", "{C13C18B6-B2F5-4B9F-BA25-7E70E12A7926}"
EndProject
Project("{FAE04EC0-301F-11D3-BF4B-00C04F79EFBC}") = "KindPaws.Accounts.Contracts", "src\KindPaws.Accounts.Contracts\KindPaws.Accounts.Contracts.csproj", "{A097E250-4C7F-48E3-94A0-3B8B5084BEA1}"
EndProject
Project("{FAE04EC0-301F-11D3-BF4B-00C04F79EFBC}") = "KindPaws.Accounts.Domain", "src\KindPaws.Accounts.Domain\KindPaws.Accounts.Domain.csproj", "{386FE1C0-D65D-48A0-8761-DEB863586A81}"
EndProject
Global
	GlobalSection(SolutionConfigurationPlatforms) = preSolution
		Debug|Any CPU = Debug|Any CPU
		Release|Any CPU = Release|Any CPU
	EndGlobalSection
	GlobalSection(ProjectConfigurationPlatforms) = postSolution
		{22191224-EE1F-428A-AA40-69E201DC6666}.Debug|Any CPU.ActiveCfg = Debug|Any CPU
		{22191224-EE1F-428A-AA40-69E201DC6666}.Debug|Any CPU.Build.0 = Debug|Any CPU
		{22191224-EE1F-428A-AA40-69E201DC6666}.Release|Any CPU.ActiveCfg = Release|Any CPU
		{22191224-EE1F-428A-AA40-69E201DC6666}.Release|Any CPU.Build.0 = Release|Any CPU
		{771D84B3-7D4C-4F5B-BC98-96F57C621760}.Debug|Any CPU.ActiveCfg = Debug|Any CPU
		{771D84B3-7D4C-4F5B-BC98-96F57C621760}.Debug|Any CPU.Build.0 = Debug|Any CPU
		{771D84B3-7D4C-4F5B-BC98-96F57C621760}.Release|Any CPU.ActiveCfg = Release|Any CPU
		{771D84B3-7D4C-4F5B-BC98-96F57C621760}.Release|Any CPU.Build.0 = Release|Any CPU
		{C13C18B6-B2F5-4B9F-BA25-7E70E12A7926}.Debug|Any CPU.ActiveCfg = Debug|Any CPU
		{C13C18B6-B2F5-4B9F-BA25-7E70E12A7926}.Debug|Any CPU.Build.0 = Debug|Any CPU
		{C13C18B6-B2F5-4B9F-BA25-7E70E12A7926}.Release|Any CPU.ActiveCfg = Release|Any CPU
		{C13C18B6-B2F5-4B9F-BA25-7E70E12A7926}.Release|Any CPU.Build.0 = Release|Any CPU
		{A097E250-4C7F-48E3-94A0-3B8B5084BEA1}.Debug|Any CPU.ActiveCfg = Debug|Any CPU
		{A097E250-4C7F-48E3-94A0-3B8B5084BEA1}.Debug|Any CPU.Build.0 = Debug|Any CPU
		{A097E250-4C7F-48E3-94A0-3B8B5084BEA1}.Release|Any CPU.ActiveCfg = Release|Any CPU
		{A097E250-4C7F-48E3-94A0-3B8B5084BEA1}.Release|Any CPU.Build.0 = Release|Any CPU
		{386FE1C0-D65D-48A0-8761-DEB863586A81}.Debug|Any CPU.ActiveCfg = Debug|Any CPU
		{386FE1C0-D65D-48A0-8761-DEB863586A81}.Debug|Any CPU.Build.0 = Debug|Any CPU
		{386FE1C0-D65D-48A0-8761-DEB863586A81}.Release|Any CPU.ActiveCfg = Release|Any CPU
		{386FE1C0-D65D-48A0-8761-DEB863586A81}.Release|Any CPU.Build.0 = Release|Any CPU
	EndGlobalSection
	GlobalSection(NestedProjects) = preSolution
		{22191224-EE1F-428A-AA40-69E201DC6666} = {A51B0989-9FFC-434F-880B-C723068801F4}
		{771D84B3-7D4C-4F5B-BC98-96F57C621760} = {A51B0989-9FFC-434F-880B-C723068801F4}
		{C13C18B6-B2F5-4B9F-BA25-7E70E12A7926} = {A51B0989-9FFC-434F-880B-C723068801F4}
		{A097E250-4C7F-48E3-94A0-3B8B5084BEA1} = {A51B0989-9FFC-434F-880B-C723068801F4}
		{386FE1C0-D65D-48A0-8761-DEB863586A81} = {A51B0989-9FFC-434F-880B-C723068801F4}
	EndGlobalSection
EndGlobal
