
Microsoft Visual Studio Solution File, Format Version 12.00
Project("{2150E333-8FDC-42A3-9474-1A3956D46DE8}") = "src", "src", "{31706E4B-3777-4BB3-9B4C-4F27281A3364}"
EndProject
Project("{FAE04EC0-301F-11D3-BF4B-00C04F79EFBC}") = "KindPaws.Roles.Presentation", "src\KindPaws.Roles.Presentation\KindPaws.Roles.Presentation.csproj", "{C8350502-70F9-4E6F-85E3-631609A8873D}"
EndProject
Project("{FAE04EC0-301F-11D3-BF4B-00C04F79EFBC}") = "KindPaws.Roles.Application", "src\KindPaws.Roles.Application\KindPaws.Roles.Application.csproj", "{B4C741B2-D947-4C2F-81D4-0C85AB762C40}"
EndProject
Project("{FAE04EC0-301F-11D3-BF4B-00C04F79EFBC}") = "KindPaws.Roles.Infrastructure", "src\KindPaws.Roles.Infrastructure\KindPaws.Roles.Infrastructure.csproj", "{B6ECE8D7-8033-46F0-9633-467CA3D013E7}"
EndProject
Project("{FAE04EC0-301F-11D3-BF4B-00C04F79EFBC}") = "KindPaws.Roles.Contracts", "src\KindPaws.Roles.Contracts\KindPaws.Roles.Contracts.csproj", "{FC419EC1-69FC-4693-B504-E16B5CA4D8DC}"
EndProject
Project("{FAE04EC0-301F-11D3-BF4B-00C04F79EFBC}") = "KindPaws.Roles.Domain", "src\KindPaws.Roles.Domain\KindPaws.Roles.Domain.csproj", "{B4195369-F436-4881-8897-F4D52F2A43CB}"
EndProject
Global
	GlobalSection(SolutionConfigurationPlatforms) = preSolution
		Debug|Any CPU = Debug|Any CPU
		Release|Any CPU = Release|Any CPU
	EndGlobalSection
	GlobalSection(ProjectConfigurationPlatforms) = postSolution
		{C8350502-70F9-4E6F-85E3-631609A8873D}.Debug|Any CPU.ActiveCfg = Debug|Any CPU
		{C8350502-70F9-4E6F-85E3-631609A8873D}.Debug|Any CPU.Build.0 = Debug|Any CPU
		{C8350502-70F9-4E6F-85E3-631609A8873D}.Release|Any CPU.ActiveCfg = Release|Any CPU
		{C8350502-70F9-4E6F-85E3-631609A8873D}.Release|Any CPU.Build.0 = Release|Any CPU
		{B4C741B2-D947-4C2F-81D4-0C85AB762C40}.Debug|Any CPU.ActiveCfg = Debug|Any CPU
		{B4C741B2-D947-4C2F-81D4-0C85AB762C40}.Debug|Any CPU.Build.0 = Debug|Any CPU
		{B4C741B2-D947-4C2F-81D4-0C85AB762C40}.Release|Any CPU.ActiveCfg = Release|Any CPU
		{B4C741B2-D947-4C2F-81D4-0C85AB762C40}.Release|Any CPU.Build.0 = Release|Any CPU
		{B6ECE8D7-8033-46F0-9633-467CA3D013E7}.Debug|Any CPU.ActiveCfg = Debug|Any CPU
		{B6ECE8D7-8033-46F0-9633-467CA3D013E7}.Debug|Any CPU.Build.0 = Debug|Any CPU
		{B6ECE8D7-8033-46F0-9633-467CA3D013E7}.Release|Any CPU.ActiveCfg = Release|Any CPU
		{B6ECE8D7-8033-46F0-9633-467CA3D013E7}.Release|Any CPU.Build.0 = Release|Any CPU
		{FC419EC1-69FC-4693-B504-E16B5CA4D8DC}.Debug|Any CPU.ActiveCfg = Debug|Any CPU
		{FC419EC1-69FC-4693-B504-E16B5CA4D8DC}.Debug|Any CPU.Build.0 = Debug|Any CPU
		{FC419EC1-69FC-4693-B504-E16B5CA4D8DC}.Release|Any CPU.ActiveCfg = Release|Any CPU
		{FC419EC1-69FC-4693-B504-E16B5CA4D8DC}.Release|Any CPU.Build.0 = Release|Any CPU
		{B4195369-F436-4881-8897-F4D52F2A43CB}.Debug|Any CPU.ActiveCfg = Debug|Any CPU
		{B4195369-F436-4881-8897-F4D52F2A43CB}.Debug|Any CPU.Build.0 = Debug|Any CPU
		{B4195369-F436-4881-8897-F4D52F2A43CB}.Release|Any CPU.ActiveCfg = Release|Any CPU
		{B4195369-F436-4881-8897-F4D52F2A43CB}.Release|Any CPU.Build.0 = Release|Any CPU
	EndGlobalSection
	GlobalSection(NestedProjects) = preSolution
		{C8350502-70F9-4E6F-85E3-631609A8873D} = {31706E4B-3777-4BB3-9B4C-4F27281A3364}
		{B4C741B2-D947-4C2F-81D4-0C85AB762C40} = {31706E4B-3777-4BB3-9B4C-4F27281A3364}
		{B6ECE8D7-8033-46F0-9633-467CA3D013E7} = {31706E4B-3777-4BB3-9B4C-4F27281A3364}
		{FC419EC1-69FC-4693-B504-E16B5CA4D8DC} = {31706E4B-3777-4BB3-9B4C-4F27281A3364}
		{B4195369-F436-4881-8897-F4D52F2A43CB} = {31706E4B-3777-4BB3-9B4C-4F27281A3364}
	EndGlobalSection
EndGlobal
