
Microsoft Visual Studio Solution File, Format Version 12.00
Project("{2150E333-8FDC-42A3-9474-1A3956D46DE8}") = "src", "src", "{A4205F22-F686-43AC-B423-4DB0A87BDDC5}"
EndProject
Project("{FAE04EC0-301F-11D3-BF4B-00C04F79EFBC}") = "KindPaws.Framework", "src\KindPaws.Framework\KindPaws.Framework.csproj", "{AA89C955-6561-4967-BA92-37871A7D46E3}"
EndProject
Global
	GlobalSection(SolutionConfigurationPlatforms) = preSolution
		Debug|Any CPU = Debug|Any CPU
		Release|Any CPU = Release|Any CPU
	EndGlobalSection
	GlobalSection(ProjectConfigurationPlatforms) = postSolution
		{AA89C955-6561-4967-BA92-37871A7D46E3}.Debug|Any CPU.ActiveCfg = Debug|Any CPU
		{AA89C955-6561-4967-BA92-37871A7D46E3}.Debug|Any CPU.Build.0 = Debug|Any CPU
		{AA89C955-6561-4967-BA92-37871A7D46E3}.Release|Any CPU.ActiveCfg = Release|Any CPU
		{AA89C955-6561-4967-BA92-37871A7D46E3}.Release|Any CPU.Build.0 = Release|Any CPU
	EndGlobalSection
	GlobalSection(NestedProjects) = preSolution
		{AA89C955-6561-4967-BA92-37871A7D46E3} = {A4205F22-F686-43AC-B423-4DB0A87BDDC5}
	EndGlobalSection
EndGlobal
