
Microsoft Visual Studio Solution File, Format Version 12.00
# Visual Studio Version 17
VisualStudioVersion = 17.0.31903.59
MinimumVisualStudioVersion = 10.0.40219.1
Project("{FAE04EC0-301F-11D3-BF4B-00C04F79EFBC}") = "KindPaws.API", "src\KindPaws.API\KindPaws.API.csproj", "{BB513E3A-65B8-4E96-A27A-82E26640E79B}"
EndProject
Project("{FAE04EC0-301F-11D3-BF4B-00C04F79EFBC}") = "KindPaws.Infrastructure", "src\KindPaws.Infrastructure\KindPaws.Infrastructure.csproj", "{B41F6CC4-BB1D-4DEF-BA50-83CA88641A62}"
EndProject
Project("{FAE04EC0-301F-11D3-BF4B-00C04F79EFBC}") = "KindPaws.Domain", "src\KindPaws.Domain\KindPaws.Domain.csproj", "{E7491FA2-328E-452A-8AA1-6B8B19A2C05B}"
EndProject
Project("{FAE04EC0-301F-11D3-BF4B-00C04F79EFBC}") = "KindPaws.Application", "src\KindPaws.Application\KindPaws.Application.csproj", "{C4DEC5A3-7645-4059-B4C7-52B0F0A5D131}"
EndProject
Project("{2150E333-8FDC-42A3-9474-1A3956D46DE8}") = "Solution Items", "Solution Items", "{083A2287-C082-4C99-8705-24272CC3BC27}"
	ProjectSection(SolutionItems) = preProject
		docker-compose.yml = docker-compose.yml
	EndProjectSection
EndProject
Global
	GlobalSection(SolutionConfigurationPlatforms) = preSolution
		Debug|Any CPU = Debug|Any CPU
		Release|Any CPU = Release|Any CPU
	EndGlobalSection
	GlobalSection(SolutionProperties) = preSolution
		HideSolutionNode = FALSE
	EndGlobalSection
	GlobalSection(ProjectConfigurationPlatforms) = postSolution
		{BB513E3A-65B8-4E96-A27A-82E26640E79B}.Debug|Any CPU.ActiveCfg = Debug|Any CPU
		{BB513E3A-65B8-4E96-A27A-82E26640E79B}.Debug|Any CPU.Build.0 = Debug|Any CPU
		{BB513E3A-65B8-4E96-A27A-82E26640E79B}.Release|Any CPU.ActiveCfg = Release|Any CPU
		{BB513E3A-65B8-4E96-A27A-82E26640E79B}.Release|Any CPU.Build.0 = Release|Any CPU
		{B41F6CC4-BB1D-4DEF-BA50-83CA88641A62}.Debug|Any CPU.ActiveCfg = Debug|Any CPU
		{B41F6CC4-BB1D-4DEF-BA50-83CA88641A62}.Debug|Any CPU.Build.0 = Debug|Any CPU
		{B41F6CC4-BB1D-4DEF-BA50-83CA88641A62}.Release|Any CPU.ActiveCfg = Release|Any CPU
		{B41F6CC4-BB1D-4DEF-BA50-83CA88641A62}.Release|Any CPU.Build.0 = Release|Any CPU
		{E7491FA2-328E-452A-8AA1-6B8B19A2C05B}.Debug|Any CPU.ActiveCfg = Debug|Any CPU
		{E7491FA2-328E-452A-8AA1-6B8B19A2C05B}.Debug|Any CPU.Build.0 = Debug|Any CPU
		{E7491FA2-328E-452A-8AA1-6B8B19A2C05B}.Release|Any CPU.ActiveCfg = Release|Any CPU
		{E7491FA2-328E-452A-8AA1-6B8B19A2C05B}.Release|Any CPU.Build.0 = Release|Any CPU
		{C4DEC5A3-7645-4059-B4C7-52B0F0A5D131}.Debug|Any CPU.ActiveCfg = Debug|Any CPU
		{C4DEC5A3-7645-4059-B4C7-52B0F0A5D131}.Debug|Any CPU.Build.0 = Debug|Any CPU
		{C4DEC5A3-7645-4059-B4C7-52B0F0A5D131}.Release|Any CPU.ActiveCfg = Release|Any CPU
		{C4DEC5A3-7645-4059-B4C7-52B0F0A5D131}.Release|Any CPU.Build.0 = Release|Any CPU
	EndGlobalSection
EndGlobal
