
Microsoft Visual Studio Solution File, Format Version 12.00
# Visual Studio Version 17
VisualStudioVersion = 17.0.31903.59
MinimumVisualStudioVersion = 10.0.40219.1
Project("{FAE04EC0-301F-11D3-BF4B-00C04F79EFBC}") = "KindPaws.WEB", "src\KindPaws.WEB\KindPaws.WEB.csproj", "{BB513E3A-65B8-4E96-A27A-82E26640E79B}"
EndProject
Project("{2150E333-8FDC-42A3-9474-1A3956D46DE8}") = "Solution Items", "Solution Items", "{083A2287-C082-4C99-8705-24272CC3BC27}"
	ProjectSection(SolutionItems) = preProject
		docker-compose.yml = docker-compose.yml
	EndProjectSection
EndProject
Project("{2150E333-8FDC-42A3-9474-1A3956D46DE8}") = "src", "src", "{4D24C7AD-6183-4D42-86B7-C9B014AFD4FB}"
EndProject
Project("{FAE04EC0-301F-11D3-BF4B-00C04F79EFBC}") = "KindPaws.Domain.UnitTests", "tests\KindPaws.Domain.UnitTests\KindPaws.Domain.UnitTests.csproj", "{54E8576A-22DE-4FD3-8A6B-BC7E4E08A963}"
EndProject
Project("{2150E333-8FDC-42A3-9474-1A3956D46DE8}") = "tests", "tests", "{8E3B5935-D424-4663-9898-3899FFE5A936}"
EndProject
Project("{FAE04EC0-301F-11D3-BF4B-00C04F79EFBC}") = "KindPaws.Application.UnitTests", "tests\KindPaws.Application.UnitTests\KindPaws.Application.UnitTests.csproj", "{BCEA39DD-C9A9-4D87-85A7-C0BBEE7F115F}"
EndProject
Project("{FAE04EC0-301F-11D3-BF4B-00C04F79EFBC}") = "KindPaws.UnitTests.Shared", "tests\KindPaws.UnitTests.Shared\KindPaws.UnitTests.Shared.csproj", "{BC74EDE7-FA32-4E6E-B2F6-4F66A96E3C37}"
EndProject
Project("{2150E333-8FDC-42A3-9474-1A3956D46DE8}") = "Volunteers", "Volunteers", "{31B3A407-3E40-4A1A-A533-5D21C0E59D40}"
EndProject
Project("{FAE04EC0-301F-11D3-BF4B-00C04F79EFBC}") = "KindPaws.Volunteers.Application", "src\Volunteers\KindPaws.Volunteers.Application\KindPaws.Volunteers.Application.csproj", "{9507A0EA-CB53-4E4E-9E52-028F5CCDD4C9}"
EndProject
Project("{2150E333-8FDC-42A3-9474-1A3956D46DE8}") = "Shared", "Shared", "{F2502A5C-BDE3-4276-BA8C-9EC6E4E0A99F}"
EndProject
Project("{2150E333-8FDC-42A3-9474-1A3956D46DE8}") = "Species", "Species", "{2940EACC-1641-46BA-8261-655D753D707F}"
EndProject
Project("{FAE04EC0-301F-11D3-BF4B-00C04F79EFBC}") = "KindPaws.Volunteers.Contracts", "src\Volunteers\KindPaws.Volunteers.Contracts\KindPaws.Volunteers.Contracts.csproj", "{FF17F628-3ECA-40C9-8C57-C87C12A849CE}"
EndProject
Project("{FAE04EC0-301F-11D3-BF4B-00C04F79EFBC}") = "KindPaws.Volunteers.Domain", "src\Volunteers\KindPaws.Volunteers.Domain\KindPaws.Volunteers.Domain.csproj", "{E166F1B1-3FE8-4F77-A27A-E9DFF2D7B8E6}"
EndProject
Project("{FAE04EC0-301F-11D3-BF4B-00C04F79EFBC}") = "KindPaws.Volunteers.Infrastructure", "src\Volunteers\KindPaws.Volunteers.Infrastructure\KindPaws.Volunteers.Infrastructure.csproj", "{89773197-D9DB-40EF-A968-56B1F0321C87}"
EndProject
Project("{FAE04EC0-301F-11D3-BF4B-00C04F79EFBC}") = "KindPaws.Volunteers.Presentation", "src\Volunteers\KindPaws.Volunteers.Presentation\KindPaws.Volunteers.Presentation.csproj", "{064C75C2-E588-468C-BC85-E8BD839D7818}"
EndProject
Project("{FAE04EC0-301F-11D3-BF4B-00C04F79EFBC}") = "KindPaws.Species.Infrastructure", "src\Species\KindPaws.Species.Infrastructure\KindPaws.Species.Infrastructure.csproj", "{6C6B4E2D-F2A5-4104-8BBE-025EB7D80741}"
EndProject
Project("{FAE04EC0-301F-11D3-BF4B-00C04F79EFBC}") = "KindPaws.Species.Application", "src\Species\KindPaws.Species.Application\KindPaws.Species.Application.csproj", "{FE7F417B-A2A8-47FD-980D-33ADC5E8520D}"
EndProject
Project("{FAE04EC0-301F-11D3-BF4B-00C04F79EFBC}") = "KindPaws.Species.Contracts", "src\Species\KindPaws.Species.Contracts\KindPaws.Species.Contracts.csproj", "{C51D0965-04DB-46D2-947F-A8A83D6CD55E}"
EndProject
Project("{FAE04EC0-301F-11D3-BF4B-00C04F79EFBC}") = "KindPaws.Species.Domain", "src\Species\KindPaws.Species.Domain\KindPaws.Species.Domain.csproj", "{F814F748-E13B-4D03-9B0B-C953349AD474}"
EndProject
Project("{FAE04EC0-301F-11D3-BF4B-00C04F79EFBC}") = "KindPaws.Species.Presentation", "src\Species\KindPaws.Species.Presentation\KindPaws.Species.Presentation.csproj", "{BFED5602-F7FE-40FD-BF0E-4572B72F26FF}"
EndProject
Project("{FAE04EC0-301F-11D3-BF4B-00C04F79EFBC}") = "KindPaws.Core", "src\Shared\KindPaws.Core\KindPaws.Core.csproj", "{D0B47382-022E-4DD5-9E76-374B5476D0EF}"
EndProject
Project("{FAE04EC0-301F-11D3-BF4B-00C04F79EFBC}") = "KindPaws.Framework", "src\Shared\KindPaws.Framework\KindPaws.Framework.csproj", "{D3A2038F-6E1C-4769-A8AE-AA977C915F7B}"
EndProject
Project("{FAE04EC0-301F-11D3-BF4B-00C04F79EFBC}") = "KindPaws.SharedKernel", "src\Shared\KindPaws.SharedKernel\KindPaws.SharedKernel.csproj", "{7353DCBC-8466-4472-9844-D5593EE2786B}"
EndProject
Project("{2150E333-8FDC-42A3-9474-1A3956D46DE8}") = "Accounts", "Accounts", "{C251B826-D60F-4401-8DB7-093C43A7ADA3}"
EndProject
Project("{FAE04EC0-301F-11D3-BF4B-00C04F79EFBC}") = "KindPaws.Accounts.Application", "src\Accounts\KindPaws.Accounts.Application\KindPaws.Accounts.Application.csproj", "{2CEFB242-4D46-4A92-9D63-C1143D2EE7E9}"
EndProject
Project("{FAE04EC0-301F-11D3-BF4B-00C04F79EFBC}") = "KindPaws.Accounts.Contracts", "src\Accounts\KindPaws.Accounts.Contracts\KindPaws.Accounts.Contracts.csproj", "{4752D197-D725-4921-B7D5-90E2A60CADBA}"
EndProject
Project("{FAE04EC0-301F-11D3-BF4B-00C04F79EFBC}") = "KindPaws.Accounts.Domain", "src\Accounts\KindPaws.Accounts.Domain\KindPaws.Accounts.Domain.csproj", "{85A6ADE5-00D4-4262-85DF-7320AFA12E6B}"
EndProject
Project("{FAE04EC0-301F-11D3-BF4B-00C04F79EFBC}") = "KindPaws.Accounts.Presentation", "src\Accounts\KindPaws.Accounts.Presentation\KindPaws.Accounts.Presentation.csproj", "{977F4B3A-1797-4B6B-B5FE-3BBC0F4C6756}"
EndProject
Project("{FAE04EC0-301F-11D3-BF4B-00C04F79EFBC}") = "KindPaws.Accounts.Infrastructure", "src\Accounts\KindPaws.Accounts.Infrastructure\KindPaws.Accounts.Infrastructure.csproj", "{2E34F580-F4B5-4E7F-8DD9-EF1FBD78FA0D}"
EndProject
Project("{2150E333-8FDC-42A3-9474-1A3956D46DE8}") = "Permissions", "Permissions", "{BD08E932-0430-4ADF-866A-0C54ABF2452F}"
EndProject
Project("{2150E333-8FDC-42A3-9474-1A3956D46DE8}") = "Roles", "Roles", "{A7478268-918B-490E-872C-56BEFF3F6113}"
EndProject
Project("{FAE04EC0-301F-11D3-BF4B-00C04F79EFBC}") = "KindPaws.Permissions.Application", "src\Permissions\KindPaws.Permissions.Application\KindPaws.Permissions.Application.csproj", "{DCC97AF5-9422-407C-9347-EC5F04F32D0D}"
EndProject
Project("{FAE04EC0-301F-11D3-BF4B-00C04F79EFBC}") = "KindPaws.Permissions.Contracts", "src\Permissions\KindPaws.Permissions.Contracts\KindPaws.Permissions.Contracts.csproj", "{C9958AF3-1022-40AA-AB5E-FF1D71E0735B}"
EndProject
Project("{FAE04EC0-301F-11D3-BF4B-00C04F79EFBC}") = "KindPaws.Permissions.Domain", "src\Permissions\KindPaws.Permissions.Domain\KindPaws.Permissions.Domain.csproj", "{38B71F43-C204-47E6-8800-DA869C5DE847}"
EndProject
Project("{FAE04EC0-301F-11D3-BF4B-00C04F79EFBC}") = "KindPaws.Permissions.Infrastructure", "src\Permissions\KindPaws.Permissions.Infrastructure\KindPaws.Permissions.Infrastructure.csproj", "{73517938-6BB2-4D61-AE41-A4B6D6B89502}"
EndProject
Project("{FAE04EC0-301F-11D3-BF4B-00C04F79EFBC}") = "KindPaws.Permissions.Presentation", "src\Permissions\KindPaws.Permissions.Presentation\KindPaws.Permissions.Presentation.csproj", "{C305D938-B06D-4D98-9972-3544751A7F3B}"
EndProject
Project("{FAE04EC0-301F-11D3-BF4B-00C04F79EFBC}") = "KindPaws.Roles.Application", "src\Roles\KindPaws.Roles.Application\KindPaws.Roles.Application.csproj", "{3A305CAB-D74A-4CE5-913F-FFB2DF7AF5B7}"
EndProject
Project("{FAE04EC0-301F-11D3-BF4B-00C04F79EFBC}") = "KindPaws.Roles.Infrastructure", "src\Roles\KindPaws.Roles.Infrastructure\KindPaws.Roles.Infrastructure.csproj", "{897E573E-0E95-4F6A-B91B-7B93E8D22ED3}"
EndProject
Project("{FAE04EC0-301F-11D3-BF4B-00C04F79EFBC}") = "KindPaws.Roles.Domain", "src\Roles\KindPaws.Roles.Domain\KindPaws.Roles.Domain.csproj", "{C1C884FC-671B-4BF1-9489-AD6349D3CC71}"
EndProject
Project("{FAE04EC0-301F-11D3-BF4B-00C04F79EFBC}") = "KindPaws.Roles.Contracts", "src\Roles\KindPaws.Roles.Contracts\KindPaws.Roles.Contracts.csproj", "{428D3F12-41E1-491C-8185-7FFDCA025001}"
EndProject
Project("{FAE04EC0-301F-11D3-BF4B-00C04F79EFBC}") = "KindPaws.Roles.Presentation", "src\Roles\KindPaws.Roles.Presentation\KindPaws.Roles.Presentation.csproj", "{30DD8FD7-7EAC-4468-99A0-1FA689414118}"
EndProject
Project("{2150E333-8FDC-42A3-9474-1A3956D46DE8}") = "Auth", "Auth", "{68BC16A8-9398-49A5-BEDD-30A8E0395798}"
EndProject
Project("{FAE04EC0-301F-11D3-BF4B-00C04F79EFBC}") = "KindPaws.Auth.Infrastructure", "src\Auth\KindPaws.Auth.Infrastructure\KindPaws.Auth.Infrastructure.csproj", "{FE8B4217-C616-47F5-83CE-560012840BE3}"
EndProject
Project("{FAE04EC0-301F-11D3-BF4B-00C04F79EFBC}") = "KindPaws.Auth.Presentation", "src\Auth\KindPaws.Auth.Presentation\KindPaws.Auth.Presentation.csproj", "{7D13B4CD-6D32-446F-9EED-E8086E271440}"
EndProject
Project("{FAE04EC0-301F-11D3-BF4B-00C04F79EFBC}") = "KindPaws.Auth.Application", "src\Auth\KindPaws.Auth.Application\KindPaws.Auth.Application.csproj", "{C7468BFE-C840-4FF7-AB37-8EB60241394D}"
EndProject
Project("{FAE04EC0-301F-11D3-BF4B-00C04F79EFBC}") = "KindPaws.Auth.Contracts", "src\Auth\KindPaws.Auth.Contracts\KindPaws.Auth.Contracts.csproj", "{02323165-30B7-46D3-ACAA-126CECC1267A}"
EndProject
Project("{FAE04EC0-301F-11D3-BF4B-00C04F79EFBC}") = "KindPaws.Auth.Domain", "src\Auth\KindPaws.Auth.Domain\KindPaws.Auth.Domain.csproj", "{3930ACA2-EBEF-43FB-9221-8D616553A2B1}"
EndProject
Project("{2150E333-8FDC-42A3-9474-1A3956D46DE8}") = "VolunteerRequests", "VolunteerRequests", "{9518ECAC-723A-4610-94C3-9B5BCBCB264E}"
EndProject
Project("{FAE04EC0-301F-11D3-BF4B-00C04F79EFBC}") = "KindPaws.VolunteerRequests.Application", "src\VolunteerRequests\KindPaws.VolunteerRequests.Application\KindPaws.VolunteerRequests.Application.csproj", "{274E5DFC-0DB6-49D5-9CD5-1F8B0D8C0041}"
EndProject
Project("{FAE04EC0-301F-11D3-BF4B-00C04F79EFBC}") = "KindPaws.VolunteerRequests.Contracts", "src\VolunteerRequests\KindPaws.VolunteerRequests.Contracts\KindPaws.VolunteerRequests.Contracts.csproj", "{F8FB17DA-774E-41B2-BDC8-1F895CCD5EE8}"
EndProject
Project("{FAE04EC0-301F-11D3-BF4B-00C04F79EFBC}") = "KindPaws.VolunteerRequests.Domain", "src\VolunteerRequests\KindPaws.VolunteerRequests.Domain\KindPaws.VolunteerRequests.Domain.csproj", "{F4DC12DD-A054-4B52-81BC-F20CB5FD2C11}"
EndProject
Project("{FAE04EC0-301F-11D3-BF4B-00C04F79EFBC}") = "KindPaws.VolunteerRequests.Infrastructure", "src\VolunteerRequests\KindPaws.VolunteerRequests.Infrastructure\KindPaws.VolunteerRequests.Infrastructure.csproj", "{AA2E01D0-EEF1-4706-9802-E7107125315B}"
EndProject
Project("{FAE04EC0-301F-11D3-BF4B-00C04F79EFBC}") = "KindPaws.VolunteerRequests.Presentation", "src\VolunteerRequests\KindPaws.VolunteerRequests.Presentation\KindPaws.VolunteerRequests.Presentation.csproj", "{248EB4E9-E68B-4513-9956-86FDA0AC1665}"
EndProject
Project("{2150E333-8FDC-42A3-9474-1A3956D46DE8}") = "Services", "Services", "{87359894-6A8B-42B2-8739-770DC599E78B}"
EndProject
Project("{2150E333-8FDC-42A3-9474-1A3956D46DE8}") = "UserService", "UserService", "{FA939A0D-01AA-43D5-9EC0-3A213DEEBA72}"
EndProject
Project("{FAE04EC0-301F-11D3-BF4B-00C04F79EFBC}") = "KindPaws.Users.Application", "src\Services\UserService\KindPaws.Users.Application\KindPaws.Users.Application.csproj", "{8CC2AE24-3CEC-40AC-95E3-36F6A6A457FB}"
EndProject
Project("{FAE04EC0-301F-11D3-BF4B-00C04F79EFBC}") = "KindPaws.Users.Contracts", "src\Services\UserService\KindPaws.Users.Contracts\KindPaws.Users.Contracts.csproj", "{51050EF3-81C5-401A-A921-91E35453E556}"
EndProject
Project("{FAE04EC0-301F-11D3-BF4B-00C04F79EFBC}") = "KindPaws.Users.Infrastructure", "src\Services\UserService\KindPaws.Users.Infrastructure\KindPaws.Users.Infrastructure.csproj", "{8EFB6D00-B6B6-434E-9658-0AA1359A05F6}"
EndProject
Project("{FAE04EC0-301F-11D3-BF4B-00C04F79EFBC}") = "KindPaws.Users.Presentation", "src\Services\UserService\KindPaws.Users.Presentation\KindPaws.Users.Presentation.csproj", "{951E0C94-5982-4D71-9DB7-05B15C85740D}"
EndProject
Project("{FAE04EC0-301F-11D3-BF4B-00C04F79EFBC}") = "KindPaws.Users.Domain", "src\Services\UserService\KindPaws.Users.Domain\KindPaws.Users.Domain.csproj", "{9AD7D4E1-A874-4FF7-82C8-A0778EA10C68}"
EndProject
Project("{2150E333-8FDC-42A3-9474-1A3956D46DE8}") = "PetService", "PetService", "{9AAFD58C-37AA-4A65-9F90-1E261CF8607C}"
EndProject
Project("{FAE04EC0-301F-11D3-BF4B-00C04F79EFBC}") = "KindPaws.Pets.Application", "src\Services\PetService\KindPaws.Pets.Application\KindPaws.Pets.Application.csproj", "{D59D683C-C814-4481-B359-41BE6998B5E5}"
EndProject
Project("{FAE04EC0-301F-11D3-BF4B-00C04F79EFBC}") = "KindPaws.Pets.Contracts", "src\Services\PetService\KindPaws.Pets.Contracts\KindPaws.Pets.Contracts.csproj", "{EE1FBA2C-2F02-4A16-83A6-371D40D9CCCF}"
EndProject
Project("{FAE04EC0-301F-11D3-BF4B-00C04F79EFBC}") = "KindPaws.Pets.Infrastructure", "src\Services\PetService\KindPaws.Pets.Infrastructure\KindPaws.Pets.Infrastructure.csproj", "{8F16472D-C4A8-4788-BFDB-8809EE6B8266}"
EndProject
Project("{FAE04EC0-301F-11D3-BF4B-00C04F79EFBC}") = "KindPaws.Pets.Domain", "src\Services\PetService\KindPaws.Pets.Domain\KindPaws.Pets.Domain.csproj", "{64E8509C-D03D-408E-A964-AC9363E6FE76}"
EndProject
Project("{FAE04EC0-301F-11D3-BF4B-00C04F79EFBC}") = "KindPaws.Pets.Presentation", "src\Services\PetService\KindPaws.Pets.Presentation\KindPaws.Pets.Presentation.csproj", "{8402207D-A91E-4B32-B0FB-170ECFFADD89}"
EndProject
Global
	GlobalSection(SolutionConfigurationPlatforms) = preSolution
		Debug|Any CPU = Debug|Any CPU
		Release|Any CPU = Release|Any CPU
	EndGlobalSection
	GlobalSection(SolutionProperties) = preSolution
		HideSolutionNode = FALSE
	EndGlobalSection
	GlobalSection(ProjectConfigurationPlatforms) = postSolution
		{BB513E3A-65B8-4E96-A27A-82E26640E79B}.Debug|Any CPU.ActiveCfg = Debug|Any CPU
		{BB513E3A-65B8-4E96-A27A-82E26640E79B}.Debug|Any CPU.Build.0 = Debug|Any CPU
		{BB513E3A-65B8-4E96-A27A-82E26640E79B}.Release|Any CPU.ActiveCfg = Release|Any CPU
		{BB513E3A-65B8-4E96-A27A-82E26640E79B}.Release|Any CPU.Build.0 = Release|Any CPU
		{54E8576A-22DE-4FD3-8A6B-BC7E4E08A963}.Debug|Any CPU.ActiveCfg = Debug|Any CPU
		{54E8576A-22DE-4FD3-8A6B-BC7E4E08A963}.Debug|Any CPU.Build.0 = Debug|Any CPU
		{54E8576A-22DE-4FD3-8A6B-BC7E4E08A963}.Release|Any CPU.ActiveCfg = Release|Any CPU
		{54E8576A-22DE-4FD3-8A6B-BC7E4E08A963}.Release|Any CPU.Build.0 = Release|Any CPU
		{BCEA39DD-C9A9-4D87-85A7-C0BBEE7F115F}.Debug|Any CPU.ActiveCfg = Debug|Any CPU
		{BCEA39DD-C9A9-4D87-85A7-C0BBEE7F115F}.Debug|Any CPU.Build.0 = Debug|Any CPU
		{BCEA39DD-C9A9-4D87-85A7-C0BBEE7F115F}.Release|Any CPU.ActiveCfg = Release|Any CPU
		{BCEA39DD-C9A9-4D87-85A7-C0BBEE7F115F}.Release|Any CPU.Build.0 = Release|Any CPU
		{BC74EDE7-FA32-4E6E-B2F6-4F66A96E3C37}.Debug|Any CPU.ActiveCfg = Debug|Any CPU
		{BC74EDE7-FA32-4E6E-B2F6-4F66A96E3C37}.Debug|Any CPU.Build.0 = Debug|Any CPU
		{BC74EDE7-FA32-4E6E-B2F6-4F66A96E3C37}.Release|Any CPU.ActiveCfg = Release|Any CPU
		{BC74EDE7-FA32-4E6E-B2F6-4F66A96E3C37}.Release|Any CPU.Build.0 = Release|Any CPU
		{9507A0EA-CB53-4E4E-9E52-028F5CCDD4C9}.Debug|Any CPU.ActiveCfg = Debug|Any CPU
		{9507A0EA-CB53-4E4E-9E52-028F5CCDD4C9}.Debug|Any CPU.Build.0 = Debug|Any CPU
		{9507A0EA-CB53-4E4E-9E52-028F5CCDD4C9}.Release|Any CPU.ActiveCfg = Release|Any CPU
		{9507A0EA-CB53-4E4E-9E52-028F5CCDD4C9}.Release|Any CPU.Build.0 = Release|Any CPU
		{FF17F628-3ECA-40C9-8C57-C87C12A849CE}.Debug|Any CPU.ActiveCfg = Debug|Any CPU
		{FF17F628-3ECA-40C9-8C57-C87C12A849CE}.Debug|Any CPU.Build.0 = Debug|Any CPU
		{FF17F628-3ECA-40C9-8C57-C87C12A849CE}.Release|Any CPU.ActiveCfg = Release|Any CPU
		{FF17F628-3ECA-40C9-8C57-C87C12A849CE}.Release|Any CPU.Build.0 = Release|Any CPU
		{E166F1B1-3FE8-4F77-A27A-E9DFF2D7B8E6}.Debug|Any CPU.ActiveCfg = Debug|Any CPU
		{E166F1B1-3FE8-4F77-A27A-E9DFF2D7B8E6}.Debug|Any CPU.Build.0 = Debug|Any CPU
		{E166F1B1-3FE8-4F77-A27A-E9DFF2D7B8E6}.Release|Any CPU.ActiveCfg = Release|Any CPU
		{E166F1B1-3FE8-4F77-A27A-E9DFF2D7B8E6}.Release|Any CPU.Build.0 = Release|Any CPU
		{89773197-D9DB-40EF-A968-56B1F0321C87}.Debug|Any CPU.ActiveCfg = Debug|Any CPU
		{89773197-D9DB-40EF-A968-56B1F0321C87}.Debug|Any CPU.Build.0 = Debug|Any CPU
		{89773197-D9DB-40EF-A968-56B1F0321C87}.Release|Any CPU.ActiveCfg = Release|Any CPU
		{89773197-D9DB-40EF-A968-56B1F0321C87}.Release|Any CPU.Build.0 = Release|Any CPU
		{064C75C2-E588-468C-BC85-E8BD839D7818}.Debug|Any CPU.ActiveCfg = Debug|Any CPU
		{064C75C2-E588-468C-BC85-E8BD839D7818}.Debug|Any CPU.Build.0 = Debug|Any CPU
		{064C75C2-E588-468C-BC85-E8BD839D7818}.Release|Any CPU.ActiveCfg = Release|Any CPU
		{064C75C2-E588-468C-BC85-E8BD839D7818}.Release|Any CPU.Build.0 = Release|Any CPU
		{6C6B4E2D-F2A5-4104-8BBE-025EB7D80741}.Debug|Any CPU.ActiveCfg = Debug|Any CPU
		{6C6B4E2D-F2A5-4104-8BBE-025EB7D80741}.Debug|Any CPU.Build.0 = Debug|Any CPU
		{6C6B4E2D-F2A5-4104-8BBE-025EB7D80741}.Release|Any CPU.ActiveCfg = Release|Any CPU
		{6C6B4E2D-F2A5-4104-8BBE-025EB7D80741}.Release|Any CPU.Build.0 = Release|Any CPU
		{FE7F417B-A2A8-47FD-980D-33ADC5E8520D}.Debug|Any CPU.ActiveCfg = Debug|Any CPU
		{FE7F417B-A2A8-47FD-980D-33ADC5E8520D}.Debug|Any CPU.Build.0 = Debug|Any CPU
		{FE7F417B-A2A8-47FD-980D-33ADC5E8520D}.Release|Any CPU.ActiveCfg = Release|Any CPU
		{FE7F417B-A2A8-47FD-980D-33ADC5E8520D}.Release|Any CPU.Build.0 = Release|Any CPU
		{C51D0965-04DB-46D2-947F-A8A83D6CD55E}.Debug|Any CPU.ActiveCfg = Debug|Any CPU
		{C51D0965-04DB-46D2-947F-A8A83D6CD55E}.Debug|Any CPU.Build.0 = Debug|Any CPU
		{C51D0965-04DB-46D2-947F-A8A83D6CD55E}.Release|Any CPU.ActiveCfg = Release|Any CPU
		{C51D0965-04DB-46D2-947F-A8A83D6CD55E}.Release|Any CPU.Build.0 = Release|Any CPU
		{F814F748-E13B-4D03-9B0B-C953349AD474}.Debug|Any CPU.ActiveCfg = Debug|Any CPU
		{F814F748-E13B-4D03-9B0B-C953349AD474}.Debug|Any CPU.Build.0 = Debug|Any CPU
		{F814F748-E13B-4D03-9B0B-C953349AD474}.Release|Any CPU.ActiveCfg = Release|Any CPU
		{F814F748-E13B-4D03-9B0B-C953349AD474}.Release|Any CPU.Build.0 = Release|Any CPU
		{BFED5602-F7FE-40FD-BF0E-4572B72F26FF}.Debug|Any CPU.ActiveCfg = Debug|Any CPU
		{BFED5602-F7FE-40FD-BF0E-4572B72F26FF}.Debug|Any CPU.Build.0 = Debug|Any CPU
		{BFED5602-F7FE-40FD-BF0E-4572B72F26FF}.Release|Any CPU.ActiveCfg = Release|Any CPU
		{BFED5602-F7FE-40FD-BF0E-4572B72F26FF}.Release|Any CPU.Build.0 = Release|Any CPU
		{D0B47382-022E-4DD5-9E76-374B5476D0EF}.Debug|Any CPU.ActiveCfg = Debug|Any CPU
		{D0B47382-022E-4DD5-9E76-374B5476D0EF}.Debug|Any CPU.Build.0 = Debug|Any CPU
		{D0B47382-022E-4DD5-9E76-374B5476D0EF}.Release|Any CPU.ActiveCfg = Release|Any CPU
		{D0B47382-022E-4DD5-9E76-374B5476D0EF}.Release|Any CPU.Build.0 = Release|Any CPU
		{D3A2038F-6E1C-4769-A8AE-AA977C915F7B}.Debug|Any CPU.ActiveCfg = Debug|Any CPU
		{D3A2038F-6E1C-4769-A8AE-AA977C915F7B}.Debug|Any CPU.Build.0 = Debug|Any CPU
		{D3A2038F-6E1C-4769-A8AE-AA977C915F7B}.Release|Any CPU.ActiveCfg = Release|Any CPU
		{D3A2038F-6E1C-4769-A8AE-AA977C915F7B}.Release|Any CPU.Build.0 = Release|Any CPU
		{7353DCBC-8466-4472-9844-D5593EE2786B}.Debug|Any CPU.ActiveCfg = Debug|Any CPU
		{7353DCBC-8466-4472-9844-D5593EE2786B}.Debug|Any CPU.Build.0 = Debug|Any CPU
		{7353DCBC-8466-4472-9844-D5593EE2786B}.Release|Any CPU.ActiveCfg = Release|Any CPU
		{7353DCBC-8466-4472-9844-D5593EE2786B}.Release|Any CPU.Build.0 = Release|Any CPU
		{2CEFB242-4D46-4A92-9D63-C1143D2EE7E9}.Debug|Any CPU.ActiveCfg = Debug|Any CPU
		{2CEFB242-4D46-4A92-9D63-C1143D2EE7E9}.Debug|Any CPU.Build.0 = Debug|Any CPU
		{2CEFB242-4D46-4A92-9D63-C1143D2EE7E9}.Release|Any CPU.ActiveCfg = Release|Any CPU
		{2CEFB242-4D46-4A92-9D63-C1143D2EE7E9}.Release|Any CPU.Build.0 = Release|Any CPU
		{4752D197-D725-4921-B7D5-90E2A60CADBA}.Debug|Any CPU.ActiveCfg = Debug|Any CPU
		{4752D197-D725-4921-B7D5-90E2A60CADBA}.Debug|Any CPU.Build.0 = Debug|Any CPU
		{4752D197-D725-4921-B7D5-90E2A60CADBA}.Release|Any CPU.ActiveCfg = Release|Any CPU
		{4752D197-D725-4921-B7D5-90E2A60CADBA}.Release|Any CPU.Build.0 = Release|Any CPU
		{85A6ADE5-00D4-4262-85DF-7320AFA12E6B}.Debug|Any CPU.ActiveCfg = Debug|Any CPU
		{85A6ADE5-00D4-4262-85DF-7320AFA12E6B}.Debug|Any CPU.Build.0 = Debug|Any CPU
		{85A6ADE5-00D4-4262-85DF-7320AFA12E6B}.Release|Any CPU.ActiveCfg = Release|Any CPU
		{85A6ADE5-00D4-4262-85DF-7320AFA12E6B}.Release|Any CPU.Build.0 = Release|Any CPU
		{977F4B3A-1797-4B6B-B5FE-3BBC0F4C6756}.Debug|Any CPU.ActiveCfg = Debug|Any CPU
		{977F4B3A-1797-4B6B-B5FE-3BBC0F4C6756}.Debug|Any CPU.Build.0 = Debug|Any CPU
		{977F4B3A-1797-4B6B-B5FE-3BBC0F4C6756}.Release|Any CPU.ActiveCfg = Release|Any CPU
		{977F4B3A-1797-4B6B-B5FE-3BBC0F4C6756}.Release|Any CPU.Build.0 = Release|Any CPU
		{2E34F580-F4B5-4E7F-8DD9-EF1FBD78FA0D}.Debug|Any CPU.ActiveCfg = Debug|Any CPU
		{2E34F580-F4B5-4E7F-8DD9-EF1FBD78FA0D}.Debug|Any CPU.Build.0 = Debug|Any CPU
		{2E34F580-F4B5-4E7F-8DD9-EF1FBD78FA0D}.Release|Any CPU.ActiveCfg = Release|Any CPU
		{2E34F580-F4B5-4E7F-8DD9-EF1FBD78FA0D}.Release|Any CPU.Build.0 = Release|Any CPU
		{DCC97AF5-9422-407C-9347-EC5F04F32D0D}.Debug|Any CPU.ActiveCfg = Debug|Any CPU
		{DCC97AF5-9422-407C-9347-EC5F04F32D0D}.Debug|Any CPU.Build.0 = Debug|Any CPU
		{DCC97AF5-9422-407C-9347-EC5F04F32D0D}.Release|Any CPU.ActiveCfg = Release|Any CPU
		{DCC97AF5-9422-407C-9347-EC5F04F32D0D}.Release|Any CPU.Build.0 = Release|Any CPU
		{C9958AF3-1022-40AA-AB5E-FF1D71E0735B}.Debug|Any CPU.ActiveCfg = Debug|Any CPU
		{C9958AF3-1022-40AA-AB5E-FF1D71E0735B}.Debug|Any CPU.Build.0 = Debug|Any CPU
		{C9958AF3-1022-40AA-AB5E-FF1D71E0735B}.Release|Any CPU.ActiveCfg = Release|Any CPU
		{C9958AF3-1022-40AA-AB5E-FF1D71E0735B}.Release|Any CPU.Build.0 = Release|Any CPU
		{38B71F43-C204-47E6-8800-DA869C5DE847}.Debug|Any CPU.ActiveCfg = Debug|Any CPU
		{38B71F43-C204-47E6-8800-DA869C5DE847}.Debug|Any CPU.Build.0 = Debug|Any CPU
		{38B71F43-C204-47E6-8800-DA869C5DE847}.Release|Any CPU.ActiveCfg = Release|Any CPU
		{38B71F43-C204-47E6-8800-DA869C5DE847}.Release|Any CPU.Build.0 = Release|Any CPU
		{73517938-6BB2-4D61-AE41-A4B6D6B89502}.Debug|Any CPU.ActiveCfg = Debug|Any CPU
		{73517938-6BB2-4D61-AE41-A4B6D6B89502}.Debug|Any CPU.Build.0 = Debug|Any CPU
		{73517938-6BB2-4D61-AE41-A4B6D6B89502}.Release|Any CPU.ActiveCfg = Release|Any CPU
		{73517938-6BB2-4D61-AE41-A4B6D6B89502}.Release|Any CPU.Build.0 = Release|Any CPU
		{C305D938-B06D-4D98-9972-3544751A7F3B}.Debug|Any CPU.ActiveCfg = Debug|Any CPU
		{C305D938-B06D-4D98-9972-3544751A7F3B}.Debug|Any CPU.Build.0 = Debug|Any CPU
		{C305D938-B06D-4D98-9972-3544751A7F3B}.Release|Any CPU.ActiveCfg = Release|Any CPU
		{C305D938-B06D-4D98-9972-3544751A7F3B}.Release|Any CPU.Build.0 = Release|Any CPU
		{3A305CAB-D74A-4CE5-913F-FFB2DF7AF5B7}.Debug|Any CPU.ActiveCfg = Debug|Any CPU
		{3A305CAB-D74A-4CE5-913F-FFB2DF7AF5B7}.Debug|Any CPU.Build.0 = Debug|Any CPU
		{3A305CAB-D74A-4CE5-913F-FFB2DF7AF5B7}.Release|Any CPU.ActiveCfg = Release|Any CPU
		{3A305CAB-D74A-4CE5-913F-FFB2DF7AF5B7}.Release|Any CPU.Build.0 = Release|Any CPU
		{897E573E-0E95-4F6A-B91B-7B93E8D22ED3}.Debug|Any CPU.ActiveCfg = Debug|Any CPU
		{897E573E-0E95-4F6A-B91B-7B93E8D22ED3}.Debug|Any CPU.Build.0 = Debug|Any CPU
		{897E573E-0E95-4F6A-B91B-7B93E8D22ED3}.Release|Any CPU.ActiveCfg = Release|Any CPU
		{897E573E-0E95-4F6A-B91B-7B93E8D22ED3}.Release|Any CPU.Build.0 = Release|Any CPU
		{C1C884FC-671B-4BF1-9489-AD6349D3CC71}.Debug|Any CPU.ActiveCfg = Debug|Any CPU
		{C1C884FC-671B-4BF1-9489-AD6349D3CC71}.Debug|Any CPU.Build.0 = Debug|Any CPU
		{C1C884FC-671B-4BF1-9489-AD6349D3CC71}.Release|Any CPU.ActiveCfg = Release|Any CPU
		{C1C884FC-671B-4BF1-9489-AD6349D3CC71}.Release|Any CPU.Build.0 = Release|Any CPU
		{428D3F12-41E1-491C-8185-7FFDCA025001}.Debug|Any CPU.ActiveCfg = Debug|Any CPU
		{428D3F12-41E1-491C-8185-7FFDCA025001}.Debug|Any CPU.Build.0 = Debug|Any CPU
		{428D3F12-41E1-491C-8185-7FFDCA025001}.Release|Any CPU.ActiveCfg = Release|Any CPU
		{428D3F12-41E1-491C-8185-7FFDCA025001}.Release|Any CPU.Build.0 = Release|Any CPU
		{30DD8FD7-7EAC-4468-99A0-1FA689414118}.Debug|Any CPU.ActiveCfg = Debug|Any CPU
		{30DD8FD7-7EAC-4468-99A0-1FA689414118}.Debug|Any CPU.Build.0 = Debug|Any CPU
		{30DD8FD7-7EAC-4468-99A0-1FA689414118}.Release|Any CPU.ActiveCfg = Release|Any CPU
		{30DD8FD7-7EAC-4468-99A0-1FA689414118}.Release|Any CPU.Build.0 = Release|Any CPU
		{FE8B4217-C616-47F5-83CE-560012840BE3}.Debug|Any CPU.ActiveCfg = Debug|Any CPU
		{FE8B4217-C616-47F5-83CE-560012840BE3}.Debug|Any CPU.Build.0 = Debug|Any CPU
		{FE8B4217-C616-47F5-83CE-560012840BE3}.Release|Any CPU.ActiveCfg = Release|Any CPU
		{FE8B4217-C616-47F5-83CE-560012840BE3}.Release|Any CPU.Build.0 = Release|Any CPU
		{7D13B4CD-6D32-446F-9EED-E8086E271440}.Debug|Any CPU.ActiveCfg = Debug|Any CPU
		{7D13B4CD-6D32-446F-9EED-E8086E271440}.Debug|Any CPU.Build.0 = Debug|Any CPU
		{7D13B4CD-6D32-446F-9EED-E8086E271440}.Release|Any CPU.ActiveCfg = Release|Any CPU
		{7D13B4CD-6D32-446F-9EED-E8086E271440}.Release|Any CPU.Build.0 = Release|Any CPU
		{C7468BFE-C840-4FF7-AB37-8EB60241394D}.Debug|Any CPU.ActiveCfg = Debug|Any CPU
		{C7468BFE-C840-4FF7-AB37-8EB60241394D}.Debug|Any CPU.Build.0 = Debug|Any CPU
		{C7468BFE-C840-4FF7-AB37-8EB60241394D}.Release|Any CPU.ActiveCfg = Release|Any CPU
		{C7468BFE-C840-4FF7-AB37-8EB60241394D}.Release|Any CPU.Build.0 = Release|Any CPU
		{02323165-30B7-46D3-ACAA-126CECC1267A}.Debug|Any CPU.ActiveCfg = Debug|Any CPU
		{02323165-30B7-46D3-ACAA-126CECC1267A}.Debug|Any CPU.Build.0 = Debug|Any CPU
		{02323165-30B7-46D3-ACAA-126CECC1267A}.Release|Any CPU.ActiveCfg = Release|Any CPU
		{02323165-30B7-46D3-ACAA-126CECC1267A}.Release|Any CPU.Build.0 = Release|Any CPU
		{3930ACA2-EBEF-43FB-9221-8D616553A2B1}.Debug|Any CPU.ActiveCfg = Debug|Any CPU
		{3930ACA2-EBEF-43FB-9221-8D616553A2B1}.Debug|Any CPU.Build.0 = Debug|Any CPU
		{3930ACA2-EBEF-43FB-9221-8D616553A2B1}.Release|Any CPU.ActiveCfg = Release|Any CPU
		{3930ACA2-EBEF-43FB-9221-8D616553A2B1}.Release|Any CPU.Build.0 = Release|Any CPU
		{274E5DFC-0DB6-49D5-9CD5-1F8B0D8C0041}.Debug|Any CPU.ActiveCfg = Debug|Any CPU
		{274E5DFC-0DB6-49D5-9CD5-1F8B0D8C0041}.Debug|Any CPU.Build.0 = Debug|Any CPU
		{274E5DFC-0DB6-49D5-9CD5-1F8B0D8C0041}.Release|Any CPU.ActiveCfg = Release|Any CPU
		{274E5DFC-0DB6-49D5-9CD5-1F8B0D8C0041}.Release|Any CPU.Build.0 = Release|Any CPU
		{F8FB17DA-774E-41B2-BDC8-1F895CCD5EE8}.Debug|Any CPU.ActiveCfg = Debug|Any CPU
		{F8FB17DA-774E-41B2-BDC8-1F895CCD5EE8}.Debug|Any CPU.Build.0 = Debug|Any CPU
		{F8FB17DA-774E-41B2-BDC8-1F895CCD5EE8}.Release|Any CPU.ActiveCfg = Release|Any CPU
		{F8FB17DA-774E-41B2-BDC8-1F895CCD5EE8}.Release|Any CPU.Build.0 = Release|Any CPU
		{F4DC12DD-A054-4B52-81BC-F20CB5FD2C11}.Debug|Any CPU.ActiveCfg = Debug|Any CPU
		{F4DC12DD-A054-4B52-81BC-F20CB5FD2C11}.Debug|Any CPU.Build.0 = Debug|Any CPU
		{F4DC12DD-A054-4B52-81BC-F20CB5FD2C11}.Release|Any CPU.ActiveCfg = Release|Any CPU
		{F4DC12DD-A054-4B52-81BC-F20CB5FD2C11}.Release|Any CPU.Build.0 = Release|Any CPU
		{AA2E01D0-EEF1-4706-9802-E7107125315B}.Debug|Any CPU.ActiveCfg = Debug|Any CPU
		{AA2E01D0-EEF1-4706-9802-E7107125315B}.Debug|Any CPU.Build.0 = Debug|Any CPU
		{AA2E01D0-EEF1-4706-9802-E7107125315B}.Release|Any CPU.ActiveCfg = Release|Any CPU
		{AA2E01D0-EEF1-4706-9802-E7107125315B}.Release|Any CPU.Build.0 = Release|Any CPU
		{248EB4E9-E68B-4513-9956-86FDA0AC1665}.Debug|Any CPU.ActiveCfg = Debug|Any CPU
		{248EB4E9-E68B-4513-9956-86FDA0AC1665}.Debug|Any CPU.Build.0 = Debug|Any CPU
		{248EB4E9-E68B-4513-9956-86FDA0AC1665}.Release|Any CPU.ActiveCfg = Release|Any CPU
		{248EB4E9-E68B-4513-9956-86FDA0AC1665}.Release|Any CPU.Build.0 = Release|Any CPU
		{8CC2AE24-3CEC-40AC-95E3-36F6A6A457FB}.Debug|Any CPU.ActiveCfg = Debug|Any CPU
		{8CC2AE24-3CEC-40AC-95E3-36F6A6A457FB}.Debug|Any CPU.Build.0 = Debug|Any CPU
		{8CC2AE24-3CEC-40AC-95E3-36F6A6A457FB}.Release|Any CPU.ActiveCfg = Release|Any CPU
		{8CC2AE24-3CEC-40AC-95E3-36F6A6A457FB}.Release|Any CPU.Build.0 = Release|Any CPU
		{51050EF3-81C5-401A-A921-91E35453E556}.Debug|Any CPU.ActiveCfg = Debug|Any CPU
		{51050EF3-81C5-401A-A921-91E35453E556}.Debug|Any CPU.Build.0 = Debug|Any CPU
		{51050EF3-81C5-401A-A921-91E35453E556}.Release|Any CPU.ActiveCfg = Release|Any CPU
		{51050EF3-81C5-401A-A921-91E35453E556}.Release|Any CPU.Build.0 = Release|Any CPU
		{8EFB6D00-B6B6-434E-9658-0AA1359A05F6}.Debug|Any CPU.ActiveCfg = Debug|Any CPU
		{8EFB6D00-B6B6-434E-9658-0AA1359A05F6}.Debug|Any CPU.Build.0 = Debug|Any CPU
		{8EFB6D00-B6B6-434E-9658-0AA1359A05F6}.Release|Any CPU.ActiveCfg = Release|Any CPU
		{8EFB6D00-B6B6-434E-9658-0AA1359A05F6}.Release|Any CPU.Build.0 = Release|Any CPU
		{951E0C94-5982-4D71-9DB7-05B15C85740D}.Debug|Any CPU.ActiveCfg = Debug|Any CPU
		{951E0C94-5982-4D71-9DB7-05B15C85740D}.Debug|Any CPU.Build.0 = Debug|Any CPU
		{951E0C94-5982-4D71-9DB7-05B15C85740D}.Release|Any CPU.ActiveCfg = Release|Any CPU
		{951E0C94-5982-4D71-9DB7-05B15C85740D}.Release|Any CPU.Build.0 = Release|Any CPU
		{9AD7D4E1-A874-4FF7-82C8-A0778EA10C68}.Debug|Any CPU.ActiveCfg = Debug|Any CPU
		{9AD7D4E1-A874-4FF7-82C8-A0778EA10C68}.Debug|Any CPU.Build.0 = Debug|Any CPU
		{9AD7D4E1-A874-4FF7-82C8-A0778EA10C68}.Release|Any CPU.ActiveCfg = Release|Any CPU
		{9AD7D4E1-A874-4FF7-82C8-A0778EA10C68}.Release|Any CPU.Build.0 = Release|Any CPU
		{D59D683C-C814-4481-B359-41BE6998B5E5}.Debug|Any CPU.ActiveCfg = Debug|Any CPU
		{D59D683C-C814-4481-B359-41BE6998B5E5}.Debug|Any CPU.Build.0 = Debug|Any CPU
		{D59D683C-C814-4481-B359-41BE6998B5E5}.Release|Any CPU.ActiveCfg = Release|Any CPU
		{D59D683C-C814-4481-B359-41BE6998B5E5}.Release|Any CPU.Build.0 = Release|Any CPU
		{EE1FBA2C-2F02-4A16-83A6-371D40D9CCCF}.Debug|Any CPU.ActiveCfg = Debug|Any CPU
		{EE1FBA2C-2F02-4A16-83A6-371D40D9CCCF}.Debug|Any CPU.Build.0 = Debug|Any CPU
		{EE1FBA2C-2F02-4A16-83A6-371D40D9CCCF}.Release|Any CPU.ActiveCfg = Release|Any CPU
		{EE1FBA2C-2F02-4A16-83A6-371D40D9CCCF}.Release|Any CPU.Build.0 = Release|Any CPU
		{8F16472D-C4A8-4788-BFDB-8809EE6B8266}.Debug|Any CPU.ActiveCfg = Debug|Any CPU
		{8F16472D-C4A8-4788-BFDB-8809EE6B8266}.Debug|Any CPU.Build.0 = Debug|Any CPU
		{8F16472D-C4A8-4788-BFDB-8809EE6B8266}.Release|Any CPU.ActiveCfg = Release|Any CPU
		{8F16472D-C4A8-4788-BFDB-8809EE6B8266}.Release|Any CPU.Build.0 = Release|Any CPU
		{64E8509C-D03D-408E-A964-AC9363E6FE76}.Debug|Any CPU.ActiveCfg = Debug|Any CPU
		{64E8509C-D03D-408E-A964-AC9363E6FE76}.Debug|Any CPU.Build.0 = Debug|Any CPU
		{64E8509C-D03D-408E-A964-AC9363E6FE76}.Release|Any CPU.ActiveCfg = Release|Any CPU
		{64E8509C-D03D-408E-A964-AC9363E6FE76}.Release|Any CPU.Build.0 = Release|Any CPU
		{8402207D-A91E-4B32-B0FB-170ECFFADD89}.Debug|Any CPU.ActiveCfg = Debug|Any CPU
		{8402207D-A91E-4B32-B0FB-170ECFFADD89}.Debug|Any CPU.Build.0 = Debug|Any CPU
		{8402207D-A91E-4B32-B0FB-170ECFFADD89}.Release|Any CPU.ActiveCfg = Release|Any CPU
		{8402207D-A91E-4B32-B0FB-170ECFFADD89}.Release|Any CPU.Build.0 = Release|Any CPU
	EndGlobalSection
	GlobalSection(NestedProjects) = preSolution
		{BB513E3A-65B8-4E96-A27A-82E26640E79B} = {4D24C7AD-6183-4D42-86B7-C9B014AFD4FB}
		{54E8576A-22DE-4FD3-8A6B-BC7E4E08A963} = {8E3B5935-D424-4663-9898-3899FFE5A936}
		{BCEA39DD-C9A9-4D87-85A7-C0BBEE7F115F} = {8E3B5935-D424-4663-9898-3899FFE5A936}
		{BC74EDE7-FA32-4E6E-B2F6-4F66A96E3C37} = {8E3B5935-D424-4663-9898-3899FFE5A936}
		{31B3A407-3E40-4A1A-A533-5D21C0E59D40} = {4D24C7AD-6183-4D42-86B7-C9B014AFD4FB}
		{9507A0EA-CB53-4E4E-9E52-028F5CCDD4C9} = {31B3A407-3E40-4A1A-A533-5D21C0E59D40}
		{F2502A5C-BDE3-4276-BA8C-9EC6E4E0A99F} = {4D24C7AD-6183-4D42-86B7-C9B014AFD4FB}
		{2940EACC-1641-46BA-8261-655D753D707F} = {4D24C7AD-6183-4D42-86B7-C9B014AFD4FB}
		{FF17F628-3ECA-40C9-8C57-C87C12A849CE} = {31B3A407-3E40-4A1A-A533-5D21C0E59D40}
		{E166F1B1-3FE8-4F77-A27A-E9DFF2D7B8E6} = {31B3A407-3E40-4A1A-A533-5D21C0E59D40}
		{89773197-D9DB-40EF-A968-56B1F0321C87} = {31B3A407-3E40-4A1A-A533-5D21C0E59D40}
		{064C75C2-E588-468C-BC85-E8BD839D7818} = {31B3A407-3E40-4A1A-A533-5D21C0E59D40}
		{6C6B4E2D-F2A5-4104-8BBE-025EB7D80741} = {2940EACC-1641-46BA-8261-655D753D707F}
		{FE7F417B-A2A8-47FD-980D-33ADC5E8520D} = {2940EACC-1641-46BA-8261-655D753D707F}
		{C51D0965-04DB-46D2-947F-A8A83D6CD55E} = {2940EACC-1641-46BA-8261-655D753D707F}
		{F814F748-E13B-4D03-9B0B-C953349AD474} = {2940EACC-1641-46BA-8261-655D753D707F}
		{BFED5602-F7FE-40FD-BF0E-4572B72F26FF} = {2940EACC-1641-46BA-8261-655D753D707F}
		{D0B47382-022E-4DD5-9E76-374B5476D0EF} = {F2502A5C-BDE3-4276-BA8C-9EC6E4E0A99F}
		{D3A2038F-6E1C-4769-A8AE-AA977C915F7B} = {F2502A5C-BDE3-4276-BA8C-9EC6E4E0A99F}
		{7353DCBC-8466-4472-9844-D5593EE2786B} = {F2502A5C-BDE3-4276-BA8C-9EC6E4E0A99F}
		{C251B826-D60F-4401-8DB7-093C43A7ADA3} = {4D24C7AD-6183-4D42-86B7-C9B014AFD4FB}
		{2CEFB242-4D46-4A92-9D63-C1143D2EE7E9} = {C251B826-D60F-4401-8DB7-093C43A7ADA3}
		{4752D197-D725-4921-B7D5-90E2A60CADBA} = {C251B826-D60F-4401-8DB7-093C43A7ADA3}
		{85A6ADE5-00D4-4262-85DF-7320AFA12E6B} = {C251B826-D60F-4401-8DB7-093C43A7ADA3}
		{977F4B3A-1797-4B6B-B5FE-3BBC0F4C6756} = {C251B826-D60F-4401-8DB7-093C43A7ADA3}
		{2E34F580-F4B5-4E7F-8DD9-EF1FBD78FA0D} = {C251B826-D60F-4401-8DB7-093C43A7ADA3}
		{BD08E932-0430-4ADF-866A-0C54ABF2452F} = {4D24C7AD-6183-4D42-86B7-C9B014AFD4FB}
		{A7478268-918B-490E-872C-56BEFF3F6113} = {4D24C7AD-6183-4D42-86B7-C9B014AFD4FB}
		{DCC97AF5-9422-407C-9347-EC5F04F32D0D} = {BD08E932-0430-4ADF-866A-0C54ABF2452F}
		{C9958AF3-1022-40AA-AB5E-FF1D71E0735B} = {BD08E932-0430-4ADF-866A-0C54ABF2452F}
		{38B71F43-C204-47E6-8800-DA869C5DE847} = {BD08E932-0430-4ADF-866A-0C54ABF2452F}
		{73517938-6BB2-4D61-AE41-A4B6D6B89502} = {BD08E932-0430-4ADF-866A-0C54ABF2452F}
		{C305D938-B06D-4D98-9972-3544751A7F3B} = {BD08E932-0430-4ADF-866A-0C54ABF2452F}
		{3A305CAB-D74A-4CE5-913F-FFB2DF7AF5B7} = {A7478268-918B-490E-872C-56BEFF3F6113}
		{897E573E-0E95-4F6A-B91B-7B93E8D22ED3} = {A7478268-918B-490E-872C-56BEFF3F6113}
		{C1C884FC-671B-4BF1-9489-AD6349D3CC71} = {A7478268-918B-490E-872C-56BEFF3F6113}
		{428D3F12-41E1-491C-8185-7FFDCA025001} = {A7478268-918B-490E-872C-56BEFF3F6113}
		{30DD8FD7-7EAC-4468-99A0-1FA689414118} = {A7478268-918B-490E-872C-56BEFF3F6113}
		{68BC16A8-9398-49A5-BEDD-30A8E0395798} = {4D24C7AD-6183-4D42-86B7-C9B014AFD4FB}
		{FE8B4217-C616-47F5-83CE-560012840BE3} = {68BC16A8-9398-49A5-BEDD-30A8E0395798}
		{7D13B4CD-6D32-446F-9EED-E8086E271440} = {68BC16A8-9398-49A5-BEDD-30A8E0395798}
		{C7468BFE-C840-4FF7-AB37-8EB60241394D} = {68BC16A8-9398-49A5-BEDD-30A8E0395798}
		{02323165-30B7-46D3-ACAA-126CECC1267A} = {68BC16A8-9398-49A5-BEDD-30A8E0395798}
		{3930ACA2-EBEF-43FB-9221-8D616553A2B1} = {68BC16A8-9398-49A5-BEDD-30A8E0395798}
		{9518ECAC-723A-4610-94C3-9B5BCBCB264E} = {4D24C7AD-6183-4D42-86B7-C9B014AFD4FB}
		{274E5DFC-0DB6-49D5-9CD5-1F8B0D8C0041} = {9518ECAC-723A-4610-94C3-9B5BCBCB264E}
		{F8FB17DA-774E-41B2-BDC8-1F895CCD5EE8} = {9518ECAC-723A-4610-94C3-9B5BCBCB264E}
		{F4DC12DD-A054-4B52-81BC-F20CB5FD2C11} = {9518ECAC-723A-4610-94C3-9B5BCBCB264E}
		{AA2E01D0-EEF1-4706-9802-E7107125315B} = {9518ECAC-723A-4610-94C3-9B5BCBCB264E}
		{248EB4E9-E68B-4513-9956-86FDA0AC1665} = {9518ECAC-723A-4610-94C3-9B5BCBCB264E}
		{87359894-6A8B-42B2-8739-770DC599E78B} = {4D24C7AD-6183-4D42-86B7-C9B014AFD4FB}
		{FA939A0D-01AA-43D5-9EC0-3A213DEEBA72} = {87359894-6A8B-42B2-8739-770DC599E78B}
		{8CC2AE24-3CEC-40AC-95E3-36F6A6A457FB} = {FA939A0D-01AA-43D5-9EC0-3A213DEEBA72}
		{51050EF3-81C5-401A-A921-91E35453E556} = {FA939A0D-01AA-43D5-9EC0-3A213DEEBA72}
		{8EFB6D00-B6B6-434E-9658-0AA1359A05F6} = {FA939A0D-01AA-43D5-9EC0-3A213DEEBA72}
		{951E0C94-5982-4D71-9DB7-05B15C85740D} = {FA939A0D-01AA-43D5-9EC0-3A213DEEBA72}
		{9AD7D4E1-A874-4FF7-82C8-A0778EA10C68} = {FA939A0D-01AA-43D5-9EC0-3A213DEEBA72}
		{9AAFD58C-37AA-4A65-9F90-1E261CF8607C} = {87359894-6A8B-42B2-8739-770DC599E78B}
		{D59D683C-C814-4481-B359-41BE6998B5E5} = {9AAFD58C-37AA-4A65-9F90-1E261CF8607C}
		{EE1FBA2C-2F02-4A16-83A6-371D40D9CCCF} = {9AAFD58C-37AA-4A65-9F90-1E261CF8607C}
		{8F16472D-C4A8-4788-BFDB-8809EE6B8266} = {9AAFD58C-37AA-4A65-9F90-1E261CF8607C}
		{64E8509C-D03D-408E-A964-AC9363E6FE76} = {9AAFD58C-37AA-4A65-9F90-1E261CF8607C}
		{8402207D-A91E-4B32-B0FB-170ECFFADD89} = {9AAFD58C-37AA-4A65-9F90-1E261CF8607C}
	EndGlobalSection
EndGlobal
